Microsoft Visual Studio Solution File, Format Version 12.00
# Visual Studio 2012
Project("{FAE04EC0-301F-11D3-BF4B-00C04F79EFBC}") = "STPHackTH2-LagShip2", "STPHackTH2-LagShip2.csproj", "{F1B8BC54-7A1A-4A2B-B007-FEC1299B2832}"
EndProject
Global
	GlobalSection(SolutionConfigurationPlatforms) = preSolution
	Debug|Any CPU = Debug|Any CPU
	Release|Any CPU = Release|Any CPU
	Tools|Any CPU = Tools|Any CPU
	EndGlobalSection
	GlobalSection(ProjectConfigurationPlatforms) = postSolution
		{F1B8BC54-7A1A-4A2B-B007-FEC1299B2832}.Debug|Any CPU.ActiveCfg = Debug|Any CPU
		{F1B8BC54-7A1A-4A2B-B007-FEC1299B2832}.Debug|Any CPU.Build.0 = Debug|Any CPU
		{F1B8BC54-7A1A-4A2B-B007-FEC1299B2832}.Release|Any CPU.ActiveCfg = Release|Any CPU
		{F1B8BC54-7A1A-4A2B-B007-FEC1299B2832}.Release|Any CPU.Build.0 = Release|Any CPU
		{F1B8BC54-7A1A-4A2B-B007-FEC1299B2832}.Tools|Any CPU.ActiveCfg = Tools|Any CPU
		{F1B8BC54-7A1A-4A2B-B007-FEC1299B2832}.Tools|Any CPU.Build.0 = Tools|Any CPU
	EndGlobalSection
EndGlobal
